lockfileVersion: '9.0'

settings:
  autoInstallPeers: true
  excludeLinksFromLockfile: false

importers:

  .:
    dependencies:
      marked:
        specifier: ^15.0.11
        version: 15.0.11

packages:

  marked@15.0.11:
    resolution: {integrity: sha512-1BEXAU2euRCG3xwgLVT1y0xbJEld1XOrmRJpUwRCcy7rxhSCwMrmEu9LXoPhHSCJG41V7YcQ2mjKRr5BA3ITIA==}
    engines: {node: '>= 18'}
    hasBin: true

snapshots:

  marked@15.0.11: {}
